# THIS IS AN AUTOGENERATED FILE. DO NOT EDIT THIS FILE DIRECTLY.
# yarn lockfile v1


"@popperjs/core@^2.11.8":
  version "2.11.8"
  resolved "https://registry.yarnpkg.com/@popperjs/core/-/core-2.11.8.tgz#6b79032e760a0899cd4204710beede972a3a185f"
  integrity sha512-P1st0aksCrn9sGZhp8GMYwBnQsbvAWsZAX44oXNNvLHGqAOcoVxmjZiohstwQ7SqKnbR47akdNi+uleWD8+g6A==

bootstrap@^5.3.6:
  version "5.3.6"
  resolved "https://registry.yarnpkg.com/bootstrap/-/bootstrap-5.3.6.tgz#fbd91ebaff093f5b191a1c01a8c866d24f9fa6e1"
  integrity sha512-jX0GAcRzvdwISuvArXn3m7KZscWWFAf1MKBcnzaN02qWMb3jpMoUX4/qgeiGzqyIb4ojulRzs89UCUmGcFSzTA==

datatables.net-bs5@^2.3.1:
  version "2.3.1"
  resolved "https://registry.yarnpkg.com/datatables.net-bs5/-/datatables.net-bs5-2.3.1.tgz#167a86c4ab138fe6eb7f653fb4c64e3ade0d3d7a"
  integrity sha512-bUwsW7cIR8EDyiedQv6OKGF5ouxkFjaODmtEd7NRtpoZixAZDScmIrxe9cddjS0EybpC2gYslKs+o03E8tkCEA==
  dependencies:
    datatables.net "2.3.1"
    jquery ">=1.7"

datatables.net@2.3.1:
  version "2.3.1"
  resolved "https://registry.yarnpkg.com/datatables.net/-/datatables.net-2.3.1.tgz#fcb61efd42fe64627fb9042637f1d93872268e70"
  integrity sha512-pRXZuk3oR7P5kTl/CRvopcTihlvmZiY+xSBjbNI6e8MjYtgZQodWEqLUUOrIZeLH8CfxapPR/Bmb0NKAvILP5g==
  dependencies:
    jquery ">=1.7"

jquery@>=1.7:
  version "3.7.1"
  resolved "https://registry.yarnpkg.com/jquery/-/jquery-3.7.1.tgz#083ef98927c9a6a74d05a6af02806566d16274de"
  integrity sha512-m4avr8yL8kmFN8psrbFFFmB/If14iN5o9nw/NgnnM+kybDJpRsAynV2BsfpTYrTRysYUdADVD7CkUUizgkpLfg==

perfect-scrollbar@^1.5.6:
  version "1.5.6"
  resolved "https://registry.yarnpkg.com/perfect-scrollbar/-/perfect-scrollbar-1.5.6.tgz#f1aead2588ba896435ee41b246812b2080573b7c"
  integrity sha512-rixgxw3SxyJbCaSpo1n35A/fwI1r2rdwMKOTCg/AcG+xOEyZcE8UHVjpZMFCVImzsFoCZeJTT+M/rdEIQYO2nw==

select2@^4.1.0-rc.0:
  version "4.1.0-rc.0"
  resolved "https://registry.yarnpkg.com/select2/-/select2-4.1.0-rc.0.tgz#ba3cd3901dda0155e1c0219ab41b74ba51ea22d8"
  integrity sha512-Hr9TdhyHCZUtwznEH2CBf7967mEM0idtJ5nMtjvk3Up5tPukOLXbHUNmh10oRfeNIhj+3GD3niu+g6sVK+gK0A==
